
Microsoft Visual Studio Solution File, Format Version 12.00
Project("{FAE04EC0-301F-11D3-BF4B-00C04F79EFBC}") = "LogTool.UI", "LogTool.UI\LogTool.UI.csproj", "{33506BC9-CA55-4F61-A420-AD40C17C10B5}"
EndProject
Project("{FAE04EC0-301F-11D3-BF4B-00C04F79EFBC}") = "LogTool.LogProcessor", "LogTool.LogProcessor\LogTool.LogProcessor.csproj", "{C32E4C67-3872-4163-95EE-2CC0762BFF18}"
EndProject
Project("{FAE04EC0-301F-11D3-BF4B-00C04F79EFBC}") = "LogTool.ConsoleApp", "LogTool.ConsoleApp\LogTool.ConsoleApp.csproj", "{171BB046-6315-44C0-91D0-BB53A4F9DF76}"
EndProject
Global
	GlobalSection(SolutionConfigurationPlatforms) = preSolution
		Debug|Any CPU = Debug|Any CPU
		Release|Any CPU = Release|Any CPU
	EndGlobalSection
	GlobalSection(ProjectConfigurationPlatforms) = postSolution
		{33506BC9-CA55-4F61-A420-AD40C17C10B5}.Debug|Any CPU.ActiveCfg = Debug|Any CPU
		{33506BC9-CA55-4F61-A420-AD40C17C10B5}.Debug|Any CPU.Build.0 = Debug|Any CPU
		{33506BC9-CA55-4F61-A420-AD40C17C10B5}.Release|Any CPU.ActiveCfg = Release|Any CPU
		{33506BC9-CA55-4F61-A420-AD40C17C10B5}.Release|Any CPU.Build.0 = Release|Any CPU
		{C32E4C67-3872-4163-95EE-2CC0762BFF18}.Debug|Any CPU.ActiveCfg = Debug|Any CPU
		{C32E4C67-3872-4163-95EE-2CC0762BFF18}.Debug|Any CPU.Build.0 = Debug|Any CPU
		{C32E4C67-3872-4163-95EE-2CC0762BFF18}.Release|Any CPU.ActiveCfg = Release|Any CPU
		{C32E4C67-3872-4163-95EE-2CC0762BFF18}.Release|Any CPU.Build.0 = Release|Any CPU
		{171BB046-6315-44C0-91D0-BB53A4F9DF76}.Debug|Any CPU.ActiveCfg = Debug|Any CPU
		{171BB046-6315-44C0-91D0-BB53A4F9DF76}.Debug|Any CPU.Build.0 = Debug|Any CPU
		{171BB046-6315-44C0-91D0-BB53A4F9DF76}.Release|Any CPU.ActiveCfg = Release|Any CPU
		{171BB046-6315-44C0-91D0-BB53A4F9DF76}.Release|Any CPU.Build.0 = Release|Any CPU
	EndGlobalSection
EndGlobal
